{
  "originHash" : "9cb7ef1f813139da94deaa44c0cfd1ce1f6234db376559fa89752bbfae2a6430",
  "pins" : [
    {
      "identity" : "whispercore_ios_swift_package",
      "kind" : "remoteSourceControl",
      "location" : "https://github.com/EberronBruce/WhisperCore_iOS_Swift_Package.git",
      "state" : {
        "revision" : "61ed1018660f45dba36294e961e960388dbe067f",
        "version" : "1.0.2"
      }
    }
  ],
  "version" : 3
}
